
Microsoft Visual Studio Solution File, Format Version 12.00
# Visual Studio 15
VisualStudioVersion = 15.0.27428.2043
MinimumVisualStudioVersion = 10.0.40219.1
Project("{FAE04EC0-301F-11D3-BF4B-00C04F79EFBC}") = "Solve Me First", "Solve Me First\Solve Me First.csproj", "{35E35382-E36D-436B-BBA5-2D2DD8292C2B}"
EndProject
Global
	GlobalSection(SolutionConfigurationPlatforms) = preSolution
		Debug|Any CPU = Debug|Any CPU
		Release|Any CPU = Release|Any CPU
	EndGlobalSection
	GlobalSection(ProjectConfigurationPlatforms) = postSolution
		{35E35382-E36D-436B-BBA5-2D2DD8292C2B}.Debug|Any CPU.ActiveCfg = Debug|Any CPU
		{35E35382-E36D-436B-BBA5-2D2DD8292C2B}.Debug|Any CPU.Build.0 = Debug|Any CPU
		{35E35382-E36D-436B-BBA5-2D2DD8292C2B}.Release|Any CPU.ActiveCfg = Release|Any CPU
		{35E35382-E36D-436B-BBA5-2D2DD8292C2B}.Release|Any CPU.Build.0 = Release|Any CPU
	EndGlobalSection
	GlobalSection(SolutionProperties) = preSolution
		HideSolutionNode = FALSE
	EndGlobalSection
	GlobalSection(ExtensibilityGlobals) = postSolution
		SolutionGuid = {2A603EB1-B1DF-4DC6-B30B-7807C042C6C2}
	EndGlobalSection
EndGlobal
