
Microsoft Visual Studio Solution File, Format Version 12.00
# Visual Studio 15
VisualStudioVersion = 15.0.27428.2043
MinimumVisualStudioVersion = 10.0.40219.1
Project("{FAE04EC0-301F-11D3-BF4B-00C04F79EFBC}") = "Plus Minus", "Plus Minus\Plus Minus.csproj", "{495A1747-9B84-4D75-90D7-41D83EDEC4EA}"
EndProject
Global
	GlobalSection(SolutionConfigurationPlatforms) = preSolution
		Debug|Any CPU = Debug|Any CPU
		Release|Any CPU = Release|Any CPU
	EndGlobalSection
	GlobalSection(ProjectConfigurationPlatforms) = postSolution
		{495A1747-9B84-4D75-90D7-41D83EDEC4EA}.Debug|Any CPU.ActiveCfg = Debug|Any CPU
		{495A1747-9B84-4D75-90D7-41D83EDEC4EA}.Debug|Any CPU.Build.0 = Debug|Any CPU
		{495A1747-9B84-4D75-90D7-41D83EDEC4EA}.Release|Any CPU.ActiveCfg = Release|Any CPU
		{495A1747-9B84-4D75-90D7-41D83EDEC4EA}.Release|Any CPU.Build.0 = Release|Any CPU
	EndGlobalSection
	GlobalSection(SolutionProperties) = preSolution
		HideSolutionNode = FALSE
	EndGlobalSection
	GlobalSection(ExtensibilityGlobals) = postSolution
		SolutionGuid = {0303FBF8-07B0-47F2-B333-7B65AAFFC876}
	EndGlobalSection
EndGlobal
