
Microsoft Visual Studio Solution File, Format Version 12.00
# Visual Studio 15
VisualStudioVersion = 15.0.27428.2043
MinimumVisualStudioVersion = 10.0.40219.1
Project("{FAE04EC0-301F-11D3-BF4B-00C04F79EFBC}") = "Mini-Max Sum", "Mini-Max Sum\Mini-Max Sum.csproj", "{63ADC43F-9B66-4734-AD38-D8E30863455C}"
EndProject
Global
	GlobalSection(SolutionConfigurationPlatforms) = preSolution
		Debug|Any CPU = Debug|Any CPU
		Release|Any CPU = Release|Any CPU
	EndGlobalSection
	GlobalSection(ProjectConfigurationPlatforms) = postSolution
		{63ADC43F-9B66-4734-AD38-D8E30863455C}.Debug|Any CPU.ActiveCfg = Debug|Any CPU
		{63ADC43F-9B66-4734-AD38-D8E30863455C}.Debug|Any CPU.Build.0 = Debug|Any CPU
		{63ADC43F-9B66-4734-AD38-D8E30863455C}.Release|Any CPU.ActiveCfg = Release|Any CPU
		{63ADC43F-9B66-4734-AD38-D8E30863455C}.Release|Any CPU.Build.0 = Release|Any CPU
	EndGlobalSection
	GlobalSection(SolutionProperties) = preSolution
		HideSolutionNode = FALSE
	EndGlobalSection
	GlobalSection(ExtensibilityGlobals) = postSolution
		SolutionGuid = {8C307735-5289-4FDD-BF52-5C787D2BF318}
	EndGlobalSection
EndGlobal
