
Microsoft Visual Studio Solution File, Format Version 12.00
# Visual Studio 15
VisualStudioVersion = 15.0.27428.2043
MinimumVisualStudioVersion = 10.0.40219.1
Project("{FAE04EC0-301F-11D3-BF4B-00C04F79EFBC}") = "Grading Students", "Grading Students\Grading Students.csproj", "{36378B97-E32A-43FD-816C-4ABAA3F9DD4C}"
EndProject
Global
	GlobalSection(SolutionConfigurationPlatforms) = preSolution
		Debug|Any CPU = Debug|Any CPU
		Release|Any CPU = Release|Any CPU
	EndGlobalSection
	GlobalSection(ProjectConfigurationPlatforms) = postSolution
		{36378B97-E32A-43FD-816C-4ABAA3F9DD4C}.Debug|Any CPU.ActiveCfg = Debug|Any CPU
		{36378B97-E32A-43FD-816C-4ABAA3F9DD4C}.Debug|Any CPU.Build.0 = Debug|Any CPU
		{36378B97-E32A-43FD-816C-4ABAA3F9DD4C}.Release|Any CPU.ActiveCfg = Release|Any CPU
		{36378B97-E32A-43FD-816C-4ABAA3F9DD4C}.Release|Any CPU.Build.0 = Release|Any CPU
	EndGlobalSection
	GlobalSection(SolutionProperties) = preSolution
		HideSolutionNode = FALSE
	EndGlobalSection
	GlobalSection(ExtensibilityGlobals) = postSolution
		SolutionGuid = {0F2A4730-53A5-4E27-8254-9C86CEEF3CB9}
	EndGlobalSection
EndGlobal
